{
  "name": "escritorio-vendedores-labia",
  "version": "0.2.0",
  "lockfileVersion": 3,
  "requires": true,
  "packages": {
    "": {
      "name": "escritorio-vendedores-labia",
      "version": "0.2.0",
      "license": "UNLICENSED",
      "workspaces": [
        "packages/*",
        "apps/*"
      ],
      "devDependencies": {
        "typescript": "^5.6.0"
      },
      "engines": {
        "node": ">=20"
      }
    },
    "apps/escritorio": {
      "name": "@labia/escritorio",
      "version": "0.2.0",
      "dependencies": {
        "@labia/compartido": "0.2.0",
        "@labia/mock": "0.2.0",
        "@labia/ui": "0.2.0"
      }
    },
    "node_modules/@labia/compartido": {
      "resolved": "packages/compartido",
      "link": true
    },
    "node_modules/@labia/escritorio": {
      "resolved": "apps/escritorio",
      "link": true
    },
    "node_modules/@labia/mock": {
      "resolved": "packages/mock",
      "link": true
    },
    "node_modules/@labia/ui": {
      "resolved": "packages/ui",
      "link": true
    },
    "node_modules/typescript": {
      "version": "5.9.3",
      "resolved": "https://registry.npmjs.org/typescript/-/typescript-5.9.3.tgz",
      "integrity": "sha512-jl1vZzPDinLr9eUt3J/t7V6FgNEw9QjvBPdysz9KfQDD41fQrC2Y4vKQdiaUpFT4bXlb1RHhLpp8wtm6M5TgSw==",
      "dev": true,
      "license": "Apache-2.0",
      "bin": {
        "tsc": "bin/tsc",
        "tsserver": "bin/tsserver"
      },
      "engines": {
        "node": ">=14.17"
      }
    },
    "packages/compartido": {
      "name": "@labia/compartido",
      "version": "0.2.0"
    },
    "packages/mock": {
      "name": "@labia/mock",
      "version": "0.2.0",
      "dependencies": {
        "@labia/compartido": "0.2.0"
      }
    },
    "packages/ui": {
      "name": "@labia/ui",
      "version": "0.2.0"
    }
  }
}
